
Microsoft Visual Studio Solution File, Format Version 12.00
# Visual Studio Version 17
VisualStudioVersion = 17.0.31903.59
MinimumVisualStudioVersion = 10.0.40219.1
Project("{FAE04EC0-301F-11D3-BF4B-00C04F79EFBC}") = "recurro.api", "recurro.api\recurro.api.csproj", "{AD5D4EAA-DEBA-45B6-AE2E-5250B48E31CA}"
EndProject
Global
	GlobalSection(SolutionConfigurationPlatforms) = preSolution
		Debug|Any CPU = Debug|Any CPU
		Release|Any CPU = Release|Any CPU
	EndGlobalSection
	GlobalSection(SolutionProperties) = preSolution
		HideSolutionNode = FALSE
	EndGlobalSection
	GlobalSection(ProjectConfigurationPlatforms) = postSolution
		{AD5D4EAA-DEBA-45B6-AE2E-5250B48E31CA}.Debug|Any CPU.ActiveCfg = Debug|Any CPU
		{AD5D4EAA-DEBA-45B6-AE2E-5250B48E31CA}.Debug|Any CPU.Build.0 = Debug|Any CPU
		{AD5D4EAA-DEBA-45B6-AE2E-5250B48E31CA}.Release|Any CPU.ActiveCfg = Release|Any CPU
		{AD5D4EAA-DEBA-45B6-AE2E-5250B48E31CA}.Release|Any CPU.Build.0 = Release|Any CPU
	EndGlobalSection
EndGlobal
